
Microsoft Visual Studio Solution File, Format Version 12.00
# Visual Studio Version 17
VisualStudioVersion = 17.10.35122.118
MinimumVisualStudioVersion = 10.0.40219.1
Project("{FAE04EC0-301F-11D3-BF4B-00C04F79EFBC}") = "CustomerAndService", "CustomerAndService.csproj", "{67F773D5-992D-41EF-86C0-DED9827B5853}"
EndProject
Global
	GlobalSection(SolutionConfigurationPlatforms) = preSolution
		Debug|Any CPU = Debug|Any CPU
		Release|Any CPU = Release|Any CPU
	EndGlobalSection
	GlobalSection(ProjectConfigurationPlatforms) = postSolution
		{67F773D5-992D-41EF-86C0-DED9827B5853}.Debug|Any CPU.ActiveCfg = Debug|Any CPU
		{67F773D5-992D-41EF-86C0-DED9827B5853}.Debug|Any CPU.Build.0 = Debug|Any CPU
		{67F773D5-992D-41EF-86C0-DED9827B5853}.Release|Any CPU.ActiveCfg = Release|Any CPU
		{67F773D5-992D-41EF-86C0-DED9827B5853}.Release|Any CPU.Build.0 = Release|Any CPU
	EndGlobalSection
	GlobalSection(SolutionProperties) = preSolution
		HideSolutionNode = FALSE
	EndGlobalSection
	GlobalSection(ExtensibilityGlobals) = postSolution
		SolutionGuid = {1307BCB8-B7A9-4788-8688-9091EE894B14}
	EndGlobalSection
EndGlobal
